// !$*UTF8*$!
{
	archiveVersion = 1;
	classes = {
	};
	objectVersion = 50;
	objects = {

/* Begin PBXBuildFile section */
		808621452186127000BCDA40 /* AppDelegate.swift in Sources */ = {isa = PBXBuildFile; fileRef = 808621442186127000BCDA40 /* AppDelegate.swift */; };
		808621472186127000BCDA40 /* ViewController.swift in Sources */ = {isa = PBXBuildFile; fileRef = 808621462186127000BCDA40 /* ViewController.swift */; };
		8086214C2186127100BCDA40 /* Assets.xcassets in Resources */ = {isa = PBXBuildFile; fileRef = 8086214B2186127100BCDA40 /* Assets.xcassets */; };
		8086214F2186127100BCDA40 /* LaunchScreen.storyboard in Resources */ = {isa = PBXBuildFile; fileRef = 8086214D2186127100BCDA40 /* LaunchScreen.storyboard */; };
		80862157218612B800BCDA40 /* Main.storyboard in Resources */ = {isa = PBXBuildFile; fileRef = 80862156218612B800BCDA40 /* Main.storyboard */; };
		8086215A2186186E00BCDA40 /* AlertsViewController.swift in Sources */ = {isa = PBXBuildFile; fileRef = 808621592186186E00BCDA40 /* AlertsViewController.swift */; };
		8086215C2186198100BCDA40 /* GetLocationPermission.swift in Sources */ = {isa = PBXBuildFile; fileRef = 8086215B2186198100BCDA40 /* GetLocationPermission.swift */; };
		8086216021861C0A00BCDA40 /* MapViewController.swift in Sources */ = {isa = PBXBuildFile; fileRef = 8086215F21861C0A00BCDA40 /* MapViewController.swift */; };
/* End PBXBuildFile section */

/* Begin PBXFileReference section */
		808621412186127000BCDA40 /* AppleAutoComplete.app */ = {isa = PBXFileReference; explicitFileType = wrapper.application; includeInIndex = 0; path = AppleAutoComplete.app; sourceTree = BUILT_PRODUCTS_DIR; };
		808621442186127000BCDA40 /* AppDelegate.swift */ = {isa = PBXFileReference; lastKnownFileType = sourcecode.swift; path = AppDelegate.swift; sourceTree = "<group>"; };
		808621462186127000BCDA40 /* ViewController.swift */ = {isa = PBXFileReference; lastKnownFileType = sourcecode.swift; path = ViewController.swift; sourceTree = "<group>"; };
		8086214B2186127100BCDA40 /* Assets.xcassets */ = {isa = PBXFileReference; lastKnownFileType = folder.assetcatalog; path = Assets.xcassets; sourceTree = "<group>"; };
		8086214E2186127100BCDA40 /* Base */ = {isa = PBXFileReference; lastKnownFileType = file.storyboard; name = Base; path = Base.lproj/LaunchScreen.storyboard; sourceTree = "<group>"; };
		808621502186127100BCDA40 /* Info.plist */ = {isa = PBXFileReference; lastKnownFileType = text.plist.xml; path = Info.plist; sourceTree = "<group>"; };
		80862156218612B800BCDA40 /* Main.storyboard */ = {isa = PBXFileReference; fileEncoding = 4; lastKnownFileType = file.storyboard; path = Main.storyboard; sourceTree = "<group>"; };
		808621592186186E00BCDA40 /* AlertsViewController.swift */ = {isa = PBXFileReference; lastKnownFileType = sourcecode.swift; path = AlertsViewController.swift; sourceTree = "<group>"; };
		8086215B2186198100BCDA40 /* GetLocationPermission.swift */ = {isa = PBXFileReference; lastKnownFileType = sourcecode.swift; path = GetLocationPermission.swift; sourceTree = "<group>"; };
		8086215F21861C0A00BCDA40 /* MapViewController.swift */ = {isa = PBXFileReference; lastKnownFileType = sourcecode.swift; path = MapViewController.swift; sourceTree = "<group>"; };
/* End PBXFileReference section */

/* Begin PBXFrameworksBuildPhase section */
		8086213E2186126F00BCDA40 /* Frameworks */ = {
			isa = PBXFrameworksBuildPhase;
			buildActionMask = 2147483647;
			files = (
			);
			runOnlyForDeploymentPostprocessing = 0;
		};
/* End PBXFrameworksBuildPhase section */

/* Begin PBXGroup section */
		808621382186126F00BCDA40 = {
			isa = PBXGroup;
			children = (
				808621582186180D00BCDA40 /* Helpers */,
				808621432186127000BCDA40 /* AppleAutoComplete */,
				808621422186127000BCDA40 /* Products */,
			);
			sourceTree = "<group>";
		};
		808621422186127000BCDA40 /* Products */ = {
			isa = PBXGroup;
			children = (
				808621412186127000BCDA40 /* AppleAutoComplete.app */,
			);
			name = Products;
			sourceTree = "<group>";
		};
		808621432186127000BCDA40 /* AppleAutoComplete */ = {
			isa = PBXGroup;
			children = (
				808621442186127000BCDA40 /* AppDelegate.swift */,
				808621462186127000BCDA40 /* ViewController.swift */,
				8086215F21861C0A00BCDA40 /* MapViewController.swift */,
				80862156218612B800BCDA40 /* Main.storyboard */,
				8086214B2186127100BCDA40 /* Assets.xcassets */,
				8086214D2186127100BCDA40 /* LaunchScreen.storyboard */,
				808621502186127100BCDA40 /* Info.plist */,
			);
			path = AppleAutoComplete;
			sourceTree = "<group>";
		};
		808621582186180D00BCDA40 /* Helpers */ = {
			isa = PBXGroup;
			children = (
				808621592186186E00BCDA40 /* AlertsViewController.swift */,
				8086215B2186198100BCDA40 /* GetLocationPermission.swift */,
			);
			path = Helpers;
			sourceTree = "<group>";
		};
/* End PBXGroup section */

/* Begin PBXNativeTarget section */
		808621402186126F00BCDA40 /* AppleAutoComplete */ = {
			isa = PBXNativeTarget;
			buildConfigurationList = 808621532186127100BCDA40 /* Build configuration list for PBXNativeTarget "AppleAutoComplete" */;
			buildPhases = (
				8086213D2186126F00BCDA40 /* Sources */,
				8086213E2186126F00BCDA40 /* Frameworks */,
				8086213F2186126F00BCDA40 /* Resources */,
			);
			buildRules = (
			);
			dependencies = (
			);
			name = AppleAutoComplete;
			productName = AppleAutoComplete;
			productReference = 808621412186127000BCDA40 /* AppleAutoComplete.app */;
			productType = "com.apple.product-type.application";
		};
/* End PBXNativeTarget section */

/* Begin PBXProject section */
		808621392186126F00BCDA40 /* Project object */ = {
			isa = PBXProject;
			attributes = {
				LastSwiftUpdateCheck = 1000;
				LastUpgradeCheck = 1000;
				ORGANIZATIONNAME = "Anthony H";
				TargetAttributes = {
					808621402186126F00BCDA40 = {
						CreatedOnToolsVersion = 10.0;
					};
				};
			};
			buildConfigurationList = 8086213C2186126F00BCDA40 /* Build configuration list for PBXProject "AppleAutoComplete" */;
			compatibilityVersion = "Xcode 9.3";
			developmentRegion = en;
			hasScannedForEncodings = 0;
			knownRegions = (
				en,
				Base,
			);
			mainGroup = 808621382186126F00BCDA40;
			productRefGroup = 808621422186127000BCDA40 /* Products */;
			projectDirPath = "";
			projectRoot = "";
			targets = (
				808621402186126F00BCDA40 /* AppleAutoComplete */,
			);
		};
/* End PBXProject section */

/* Begin PBXResourcesBuildPhase section */
		8086213F2186126F00BCDA40 /* Resources */ = {
			isa = PBXResourcesBuildPhase;
			buildActionMask = 2147483647;
			files = (
				8086214F2186127100BCDA40 /* LaunchScreen.storyboard in Resources */,
				8086214C2186127100BCDA40 /* Assets.xcassets in Resources */,
				80862157218612B800BCDA40 /* Main.storyboard in Resources */,
			);
			runOnlyForDeploymentPostprocessing = 0;
		};
/* End PBXResourcesBuildPhase section */

/* Begin PBXSourcesBuildPhase section */
		8086213D2186126F00BCDA40 /* Sources */ = {
			isa = PBXSourcesBuildPhase;
			buildActionMask = 2147483647;
			files = (
				8086215C2186198100BCDA40 /* GetLocationPermission.swift in Sources */,
				8086216021861C0A00BCDA40 /* MapViewController.swift in Sources */,
				808621472186127000BCDA40 /* ViewController.swift in Sources */,
				8086215A2186186E00BCDA40 /* AlertsViewController.swift in Sources */,
				808621452186127000BCDA40 /* AppDelegate.swift in Sources */,
			);
			runOnlyForDeploymentPostprocessing = 0;
		};
/* End PBXSourcesBuildPhase section */

/* Begin PBXVariantGroup section */
		8086214D2186127100BCDA40 /* LaunchScreen.storyboard */ = {
			isa = PBXVariantGroup;
			children = (
				8086214E2186127100BCDA40 /* Base */,
			);
			name = LaunchScreen.storyboard;
			sourceTree = "<group>";
		};
/* End PBXVariantGroup section */

/* Begin XCBuildConfiguration section */
		808621512186127100BCDA40 /* Debug */ = {
			isa = XCBuildConfiguration;
			buildSettings = {
				ALWAYS_SEARCH_USER_PATHS = NO;
				CLANG_ANALYZER_NONNULL = YES;
				CLANG_ANALYZER_NUMBER_OBJECT_CONVERSION = YES_AGGRESSIVE;
				CLANG_CXX_LANGUAGE_STANDARD = "gnu++14";
				CLANG_CXX_LIBRARY = "libc++";
				CLANG_ENABLE_MODULES = YES;
				CLANG_ENABLE_OBJC_ARC = YES;
				CLANG_ENABLE_OBJC_WEAK = YES;
				CLANG_WARN_BLOCK_CAPTURE_AUTORELEASING = YES;
				CLANG_WARN_BOOL_CONVERSION = YES;
				CLANG_WARN_COMMA = YES;
				CLANG_WARN_CONSTANT_CONVERSION = YES;
				CLANG_WARN_DEPRECATED_OBJC_IMPLEMENTATIONS = YES;
				CLANG_WARN_DIRECT_OBJC_ISA_USAGE = YES_ERROR;
				CLANG_WARN_DOCUMENTATION_COMMENTS = YES;
				CLANG_WARN_EMPTY_BODY = YES;
				CLANG_WARN_ENUM_CONVERSION = YES;
				CLANG_WARN_INFINITE_RECURSION = YES;
				CLANG_WARN_INT_CONVERSION = YES;
				CLANG_WARN_NON_LITERAL_NULL_CONVERSION = YES;
				CLANG_WARN_OBJC_IMPLICIT_RETAIN_SELF = YES;
				CLANG_WARN_OBJC_LITERAL_CONVERSION = YES;
				CLANG_WARN_OBJC_ROOT_CLASS = YES_ERROR;
				CLANG_WARN_RANGE_LOOP_ANALYSIS = YES;
				CLANG_WARN_STRICT_PROTOTYPES = YES;
				CLANG_WARN_SUSPICIOUS_MOVE = YES;
				CLANG_WARN_UNGUARDED_AVAILABILITY = YES_AGGRESSIVE;
				CLANG_WARN_UNREACHABLE_CODE = YES;
				CLANG_WARN__DUPLICATE_METHOD_MATCH = YES;
				CODE_SIGN_IDENTITY = "iPhone Developer";
				COPY_PHASE_STRIP = NO;
				DEBUG_INFORMATION_FORMAT = dwarf;
				ENABLE_STRICT_OBJC_MSGSEND = YES;
				ENABLE_TESTABILITY = YES;
				GCC_C_LANGUAGE_STANDARD = gnu11;
				GCC_DYNAMIC_NO_PIC = NO;
				GCC_NO_COMMON_BLOCKS = YES;
				GCC_OPTIMIZATION_LEVEL = 0;
				GCC_PREPROCESSOR_DEFINITIONS = (
					"DEBUG=1",
					"$(inherited)",
				);
				GCC_WARN_64_TO_32_BIT_CONVERSION = YES;
				GCC_WARN_ABOUT_RETURN_TYPE = YES_ERROR;
				GCC_WARN_UNDECLARED_SELECTOR = YES;
				GCC_WARN_UNINITIALIZED_AUTOS = YES_AGGRESSIVE;
				GCC_WARN_UNUSED_FUNCTION = YES;
				GCC_WARN_UNUSED_VARIABLE = YES;
				IPHONEOS_DEPLOYMENT_TARGET = 12.0;
				MTL_ENABLE_DEBUG_INFO = INCLUDE_SOURCE;
				MTL_FAST_MATH = YES;
				ONLY_ACTIVE_ARCH = YES;
				SDKROOT = iphoneos;
				SWIFT_ACTIVE_COMPILATION_CONDITIONS = DEBUG;
				SWIFT_OPTIMIZATION_LEVEL = "-Onone";
			};
			name = Debug;
		};
		808621522186127100BCDA40 /* Release */ = {
			isa = XCBuildConfiguration;
			buildSettings = {
				ALWAYS_SEARCH_USER_PATHS = NO;
				CLANG_ANALYZER_NONNULL = YES;
				CLANG_ANALYZER_NUMBER_OBJECT_CONVERSION = YES_AGGRESSIVE;
				CLANG_CXX_LANGUAGE_STANDARD = "gnu++14";
				CLANG_CXX_LIBRARY = "libc++";
				CLANG_ENABLE_MODULES = YES;
				CLANG_ENABLE_OBJC_ARC = YES;
				CLANG_ENABLE_OBJC_WEAK = YES;
				CLANG_WARN_BLOCK_CAPTURE_AUTORELEASING = YES;
				CLANG_WARN_BOOL_CONVERSION = YES;
				CLANG_WARN_COMMA = YES;
				CLANG_WARN_CONSTANT_CONVERSION = YES;
				CLANG_WARN_DEPRECATED_OBJC_IMPLEMENTATIONS = YES;
				CLANG_WARN_DIRECT_OBJC_ISA_USAGE = YES_ERROR;
				CLANG_WARN_DOCUMENTATION_COMMENTS = YES;
				CLANG_WARN_EMPTY_BODY = YES;
				CLANG_WARN_ENUM_CONVERSION = YES;
				CLANG_WARN_INFINITE_RECURSION = YES;
				CLANG_WARN_INT_CONVERSION = YES;
				CLANG_WARN_NON_LITERAL_NULL_CONVERSION = YES;
				CLANG_WARN_OBJC_IMPLICIT_RETAIN_SELF = YES;
				CLANG_WARN_OBJC_LITERAL_CONVERSION = YES;
				CLANG_WARN_OBJC_ROOT_CLASS = YES_ERROR;
				CLANG_WARN_RANGE_LOOP_ANALYSIS = YES;
				CLANG_WARN_STRICT_PROTOTYPES = YES;
				CLANG_WARN_SUSPICIOUS_MOVE = YES;
				CLANG_WARN_UNGUARDED_AVAILABILITY = YES_AGGRESSIVE;
				CLANG_WARN_UNREACHABLE_CODE = YES;
				CLANG_WARN__DUPLICATE_METHOD_MATCH = YES;
				CODE_SIGN_IDENTITY = "iPhone Developer";
				COPY_PHASE_STRIP = NO;
				DEBUG_INFORMATION_FORMAT = "dwarf-with-dsym";
				ENABLE_NS_ASSERTIONS = NO;
				ENABLE_STRICT_OBJC_MSGSEND = YES;
				GCC_C_LANGUAGE_STANDARD = gnu11;
				GCC_NO_COMMON_BLOCKS = YES;
				GCC_WARN_64_TO_32_BIT_CONVERSION = YES;
				GCC_WARN_ABOUT_RETURN_TYPE = YES_ERROR;
				GCC_WARN_UNDECLARED_SELECTOR = YES;
				GCC_WARN_UNINITIALIZED_AUTOS = YES_AGGRESSIVE;
				GCC_WARN_UNUSED_FUNCTION = YES;
				GCC_WARN_UNUSED_VARIABLE = YES;
				IPHONEOS_DEPLOYMENT_TARGET = 12.0;
				MTL_ENABLE_DEBUG_INFO = NO;
				MTL_FAST_MATH = YES;
				SDKROOT = iphoneos;
				SWIFT_COMPILATION_MODE = wholemodule;
				SWIFT_OPTIMIZATION_LEVEL = "-O";
				VALIDATE_PRODUCT = YES;
			};
			name = Release;
		};
		808621542186127100BCDA40 /* Debug */ = {
			isa = XCBuildConfiguration;
			buildSettings = {
				ASSETCATALOG_COMPILER_APPICON_NAME = AppIcon;
				CODE_SIGN_STYLE = Automatic;
				DEVELOPMENT_TEAM = 2FBR82DCBB;
				INFOPLIST_FILE = AppleAutoComplete/Info.plist;
				LD_RUNPATH_SEARCH_PATHS = (
					"$(inherited)",
					"@executable_path/Frameworks",
				);
				PRODUCT_BUNDLE_IDENTIFIER = Hoepelman.AppleAutoComplete;
				PRODUCT_NAME = "$(TARGET_NAME)";
				SWIFT_VERSION = 4.2;
				TARGETED_DEVICE_FAMILY = "1,2";
			};
			name = Debug;
		};
		808621552186127100BCDA40 /* Release */ = {
			isa = XCBuildConfiguration;
			buildSettings = {
				ASSETCATALOG_COMPILER_APPICON_NAME = AppIcon;
				CODE_SIGN_STYLE = Automatic;
				DEVELOPMENT_TEAM = 2FBR82DCBB;
				INFOPLIST_FILE = AppleAutoComplete/Info.plist;
				LD_RUNPATH_SEARCH_PATHS = (
					"$(inherited)",
					"@executable_path/Frameworks",
				);
				PRODUCT_BUNDLE_IDENTIFIER = Hoepelman.AppleAutoComplete;
				PRODUCT_NAME = "$(TARGET_NAME)";
				SWIFT_VERSION = 4.2;
				TARGETED_DEVICE_FAMILY = "1,2";
			};
			name = Release;
		};
/* End XCBuildConfiguration section */

/* Begin XCConfigurationList section */
		8086213C2186126F00BCDA40 /* Build configuration list for PBXProject "AppleAutoComplete" */ = {
			isa = XCConfigurationList;
			buildConfigurations = (
				808621512186127100BCDA40 /* Debug */,
				808621522186127100BCDA40 /* Release */,
			);
			defaultConfigurationIsVisible = 0;
			defaultConfigurationName = Release;
		};
		808621532186127100BCDA40 /* Build configuration list for PBXNativeTarget "AppleAutoComplete" */ = {
			isa = XCConfigurationList;
			buildConfigurations = (
				808621542186127100BCDA40 /* Debug */,
				808621552186127100BCDA40 /* Release */,
			);
			defaultConfigurationIsVisible = 0;
			defaultConfigurationName = Release;
		};
/* End XCConfigurationList section */
	};
	rootObject = 808621392186126F00BCDA40 /* Project object */;
}
